// !$*UTF8*$!
{
	archiveVersion = 1;
	classes = {
	};
	objectVersion = 77;
	objects = {

/* Begin PBXBuildFile section */
		8966916D2F5582A100E53D79 /* WeatherToolbarView.swift in Sources */ = {isa = PBXBuildFile; fileRef = 8966916C2F5582A100E53D79 /* WeatherToolbarView.swift */; };
		8966916F2F5582A100E53D79 /* RadioEmptyStateView.swift in Sources */ = {isa = PBXBuildFile; fileRef = 8966916E2F5582A100E53D79 /* RadioEmptyStateView.swift */; };
		896691712F5582A100E53D79 /* RadioPaginationFooterView.swift in Sources */ = {isa = PBXBuildFile; fileRef = 896691702F5582A100E53D79 /* RadioPaginationFooterView.swift */; };
		896691732F5585B100E53D79 /* RadioCategorySidebarView.swift in Sources */ = {isa = PBXBuildFile; fileRef = 896691722F5585B100E53D79 /* RadioCategorySidebarView.swift */; };
		896691752F5585B100E53D79 /* RadioSearchHeaderView.swift in Sources */ = {isa = PBXBuildFile; fileRef = 896691742F5585B100E53D79 /* RadioSearchHeaderView.swift */; };
		896691772F5585B100E53D79 /* RadioStationContentView.swift in Sources */ = {isa = PBXBuildFile; fileRef = 896691762F5585B100E53D79 /* RadioStationContentView.swift */; };
		896691792F558A6700E53D79 /* RadioMiniPlayerView.swift in Sources */ = {isa = PBXBuildFile; fileRef = 896691782F558A6700E53D79 /* RadioMiniPlayerView.swift */; };
		8966917B2F558C7800E53D79 /* RadioLoadingOverlayView.swift in Sources */ = {isa = PBXBuildFile; fileRef = 8966917A2F558C7800E53D79 /* RadioLoadingOverlayView.swift */; };
		D201C4BC2F3445D900187367 /* PlayRadioIntent.swift in Sources */ = {isa = PBXBuildFile; fileRef = D201C4BB2F3445D600187367 /* PlayRadioIntent.swift */; };
		D201C4BE2F3445FC00187367 /* SoundportShortcuts.swift in Sources */ = {isa = PBXBuildFile; fileRef = D201C4BD2F3445F900187367 /* SoundportShortcuts.swift */; };
		D201C4C02F34464800187367 /* PlayFavoritesIntent.swift in Sources */ = {isa = PBXBuildFile; fileRef = D201C4BF2F34464600187367 /* PlayFavoritesIntent.swift */; };
		D201C4D12F3468FD00187367 /* SiriStation.swift in Sources */ = {isa = PBXBuildFile; fileRef = D201C4D02F3468F400187367 /* SiriStation.swift */; };
		D201C4D92F348A2800187367 /* TVChannel.swift in Sources */ = {isa = PBXBuildFile; fileRef = D201C4D82F348A2500187367 /* TVChannel.swift */; };
		D201C4DD2F348A9900187367 /* MainTabView.swift in Sources */ = {isa = PBXBuildFile; fileRef = D201C4DC2F348A9700187367 /* MainTabView.swift */; };
		D201C4DF2F348DE100187367 /* TVHomeView.swift in Sources */ = {isa = PBXBuildFile; fileRef = D201C4DE2F348DDF00187367 /* TVHomeView.swift */; };
		D201C4E12F348F5400187367 /* TVViewModel.swift in Sources */ = {isa = PBXBuildFile; fileRef = D201C4E02F348F5100187367 /* TVViewModel.swift */; };
		D201C4E52F34923800187367 /* M3UParser.swift in Sources */ = {isa = PBXBuildFile; fileRef = D201C4E42F34923500187367 /* M3UParser.swift */; };
		D201C4E72F34995E00187367 /* TVVideoPlayer.swift in Sources */ = {isa = PBXBuildFile; fileRef = D201C4E62F34995C00187367 /* TVVideoPlayer.swift */; };
		D2102EDB2F5184B60069B492 /* WeatherTask.swift in Sources */ = {isa = PBXBuildFile; fileRef = D2102EDA2F51849E0069B492 /* WeatherTask.swift */; };
		D2102EFC2F5185DB0069B492 /* WeatherViewModel.swift in Sources */ = {isa = PBXBuildFile; fileRef = D2102EFB2F5185D90069B492 /* WeatherViewModel.swift */; };
		D2102EFE2F5186020069B492 /* QWeatherSDK in Frameworks */ = {isa = PBXBuildFile; productRef = D2102EFD2F5186020069B492 /* QWeatherSDK */; };
		D2102F1F2F51EB8A0069B492 /* LocationManager.swift in Sources */ = {isa = PBXBuildFile; fileRef = D2102F1E2F51EB880069B492 /* LocationManager.swift */; };
		D2A06A712F4DA59C00CA1069 /* SDWebImageSwiftUI in Frameworks */ = {isa = PBXBuildFile; productRef = D2A06A702F4DA59C00CA1069 /* SDWebImageSwiftUI */; };
		D2A06A742F4DA7DA00CA1069 /* SDWebImageSVGCoder in Frameworks */ = {isa = PBXBuildFile; productRef = D2A06A732F4DA7DA00CA1069 /* SDWebImageSVGCoder */; };
		D2CA36442F3D87C500BBD738 /* CountryPickerView.swift in Sources */ = {isa = PBXBuildFile; fileRef = D2CA36432F3D87B600BBD738 /* CountryPickerView.swift */; };
		D2CA364D2F3DCD9E00BBD738 /* MarqueeText.swift in Sources */ = {isa = PBXBuildFile; fileRef = D2CA364C2F3DCD9D00BBD738 /* MarqueeText.swift */; };
		D2CE72AD2F31A88C00F69A99 /* AudioPlayerManager.swift in Sources */ = {isa = PBXBuildFile; fileRef = D2CE72A02F31A88C00F69A99 /* AudioPlayerManager.swift */; };
		D2CE72AE2F31A88C00F69A99 /* ContentView.swift in Sources */ = {isa = PBXBuildFile; fileRef = D2CE72A12F31A88C00F69A99 /* ContentView.swift */; };
		D2CE72AF2F31A88C00F69A99 /* FavoritesManager.swift in Sources */ = {isa = PBXBuildFile; fileRef = D2CE72A22F31A88C00F69A99 /* FavoritesManager.swift */; };
		D2CE72B02F31A88C00F69A99 /* HomeViewModel.swift in Sources */ = {isa = PBXBuildFile; fileRef = D2CE72A32F31A88C00F69A99 /* HomeViewModel.swift */; };
		D2CE72B12F31A88C00F69A99 /* ImageCacheManager.swift in Sources */ = {isa = PBXBuildFile; fileRef = D2CE72A42F31A88C00F69A99 /* ImageCacheManager.swift */; };
		D2CE72B32F31A88C00F69A99 /* RadioService.swift in Sources */ = {isa = PBXBuildFile; fileRef = D2CE72A72F31A88C00F69A99 /* RadioService.swift */; };
		D2CE72B42F31A88C00F69A99 /* RegionTabItem.swift in Sources */ = {isa = PBXBuildFile; fileRef = D2CE72A82F31A88C00F69A99 /* RegionTabItem.swift */; };
		D2CE72B52F31A88C00F69A99 /* SoundportApp.swift in Sources */ = {isa = PBXBuildFile; fileRef = D2CE72A92F31A88C00F69A99 /* SoundportApp.swift */; };
		D2CE72B62F31A88C00F69A99 /* Station.swift in Sources */ = {isa = PBXBuildFile; fileRef = D2CE72AA2F31A88C00F69A99 /* Station.swift */; };
		D2CE72B72F31A88C00F69A99 /* StationRow.swift in Sources */ = {isa = PBXBuildFile; fileRef = D2CE72AB2F31A88C00F69A99 /* StationRow.swift */; };
		D2CE72B82F31A88C00F69A99 /* Assets.xcassets in Resources */ = {isa = PBXBuildFile; fileRef = D2CE729F2F31A88C00F69A99 /* Assets.xcassets */; };
		D2CE72C02F31C22C00F69A99 /* SearchView.swift in Sources */ = {isa = PBXBuildFile; fileRef = D2CE72BF2F31C22800F69A99 /* SearchView.swift */; };
		D2CE72C82F31D46E00F69A99 /* SleepTimerManager.swift in Sources */ = {isa = PBXBuildFile; fileRef = D2CE72C72F31D46C00F69A99 /* SleepTimerManager.swift */; };
		D2CE72CA2F31D54200F69A99 /* SleepTimerSheet.swift in Sources */ = {isa = PBXBuildFile; fileRef = D2CE72C92F31D53D00F69A99 /* SleepTimerSheet.swift */; };
		D2CE72CC2F31D95F00F69A99 /* CarPlaySceneDelegate.swift in Sources */ = {isa = PBXBuildFile; fileRef = D2CE72CB2F31D95B00F69A99 /* CarPlaySceneDelegate.swift */; };
		D2CE72CE2F31E33100F69A99 /* LiveVisualizer.swift in Sources */ = {isa = PBXBuildFile; fileRef = D2CE72CD2F31E32F00F69A99 /* LiveVisualizer.swift */; };
		D2CE72D02F31E70F00F69A99 /* CacheManager.swift in Sources */ = {isa = PBXBuildFile; fileRef = D2CE72CF2F31E70D00F69A99 /* CacheManager.swift */; };
		D2CE72D22F31F16600F69A99 /* LiveProgressView.swift in Sources */ = {isa = PBXBuildFile; fileRef = D2CE72D12F31F15D00F69A99 /* LiveProgressView.swift */; };
		D2CE72D42F31FA6A00F69A99 /* ShazamManager.swift in Sources */ = {isa = PBXBuildFile; fileRef = D2CE72D32F31FA6800F69A99 /* ShazamManager.swift */; };
		D2DE79EF2F3C768C006B8914 /* RegionMapper.swift in Sources */ = {isa = PBXBuildFile; fileRef = D2DE79EE2F3C768C006B8914 /* RegionMapper.swift */; };
		D2DE79F12F3C76A1006B8914 /* RadioCategorySerivce.swift in Sources */ = {isa = PBXBuildFile; fileRef = D2DE79F02F3C76A1006B8914 /* RadioCategorySerivce.swift */; };
		D2DE79F52F3C76FF006B8914 /* RadioHomeView.swift in Sources */ = {isa = PBXBuildFile; fileRef = D2DE79F42F3C76FF006B8914 /* RadioHomeView.swift */; };
		D2DE79F72F3C7728006B8914 /* RadioViewModel.swift in Sources */ = {isa = PBXBuildFile; fileRef = D2DE79F62F3C7728006B8914 /* RadioViewModel.swift */; };
		D2DE79F92F3C7777006B8914 /* ProvincePickerView.swift in Sources */ = {isa = PBXBuildFile; fileRef = D2DE79F82F3C7777006B8914 /* ProvincePickerView.swift */; };
		D2DE79FB2F3C7C54006B8914 /* RadioRequestTask.swift in Sources */ = {isa = PBXBuildFile; fileRef = D2DE79FA2F3C7C4F006B8914 /* RadioRequestTask.swift */; };
/* End PBXBuildFile section */

/* Begin PBXContainerItemProxy section */
		D22727EB2F2E4597002C3C24 /* PBXContainerItemProxy */ = {
			isa = PBXContainerItemProxy;
			containerPortal = D22727D52F2E4594002C3C24 /* Project object */;
			proxyType = 1;
			remoteGlobalIDString = D22727DC2F2E4594002C3C24;
			remoteInfo = Soundport;
		};
		D22727F52F2E4597002C3C24 /* PBXContainerItemProxy */ = {
			isa = PBXContainerItemProxy;
			containerPortal = D22727D52F2E4594002C3C24 /* Project object */;
			proxyType = 1;
			remoteGlobalIDString = D22727DC2F2E4594002C3C24;
			remoteInfo = Soundport;
		};
/* End PBXContainerItemProxy section */

/* Begin PBXFileReference section */
		8966916C2F5582A100E53D79 /* WeatherToolbarView.swift */ = {isa = PBXFileReference; lastKnownFileType = sourcecode.swift; path = WeatherToolbarView.swift; sourceTree = "<group>"; };
		8966916E2F5582A100E53D79 /* RadioEmptyStateView.swift */ = {isa = PBXFileReference; lastKnownFileType = sourcecode.swift; path = RadioEmptyStateView.swift; sourceTree = "<group>"; };
		896691702F5582A100E53D79 /* RadioPaginationFooterView.swift */ = {isa = PBXFileReference; lastKnownFileType = sourcecode.swift; path = RadioPaginationFooterView.swift; sourceTree = "<group>"; };
		896691722F5585B100E53D79 /* RadioCategorySidebarView.swift */ = {isa = PBXFileReference; lastKnownFileType = sourcecode.swift; path = RadioCategorySidebarView.swift; sourceTree = "<group>"; };
		896691742F5585B100E53D79 /* RadioSearchHeaderView.swift */ = {isa = PBXFileReference; lastKnownFileType = sourcecode.swift; path = RadioSearchHeaderView.swift; sourceTree = "<group>"; };
		896691762F5585B100E53D79 /* RadioStationContentView.swift */ = {isa = PBXFileReference; lastKnownFileType = sourcecode.swift; path = RadioStationContentView.swift; sourceTree = "<group>"; };
		896691782F558A6700E53D79 /* RadioMiniPlayerView.swift */ = {isa = PBXFileReference; lastKnownFileType = sourcecode.swift; path = RadioMiniPlayerView.swift; sourceTree = "<group>"; };
		8966917A2F558C7800E53D79 /* RadioLoadingOverlayView.swift */ = {isa = PBXFileReference; lastKnownFileType = sourcecode.swift; path = RadioLoadingOverlayView.swift; sourceTree = "<group>"; };
		D201C4BB2F3445D600187367 /* PlayRadioIntent.swift */ = {isa = PBXFileReference; lastKnownFileType = sourcecode.swift; path = PlayRadioIntent.swift; sourceTree = "<group>"; };
		D201C4BD2F3445F900187367 /* SoundportShortcuts.swift */ = {isa = PBXFileReference; lastKnownFileType = sourcecode.swift; path = SoundportShortcuts.swift; sourceTree = "<group>"; };
		D201C4BF2F34464600187367 /* PlayFavoritesIntent.swift */ = {isa = PBXFileReference; lastKnownFileType = sourcecode.swift; path = PlayFavoritesIntent.swift; sourceTree = "<group>"; };
		D201C4D02F3468F400187367 /* SiriStation.swift */ = {isa = PBXFileReference; lastKnownFileType = sourcecode.swift; path = SiriStation.swift; sourceTree = "<group>"; };
		D201C4D82F348A2500187367 /* TVChannel.swift */ = {isa = PBXFileReference; lastKnownFileType = sourcecode.swift; path = TVChannel.swift; sourceTree = "<group>"; };
		D201C4DC2F348A9700187367 /* MainTabView.swift */ = {isa = PBXFileReference; lastKnownFileType = sourcecode.swift; path = MainTabView.swift; sourceTree = "<group>"; };
		D201C4DE2F348DDF00187367 /* TVHomeView.swift */ = {isa = PBXFileReference; lastKnownFileType = sourcecode.swift; path = TVHomeView.swift; sourceTree = "<group>"; };
		D201C4E02F348F5100187367 /* TVViewModel.swift */ = {isa = PBXFileReference; lastKnownFileType = sourcecode.swift; path = TVViewModel.swift; sourceTree = "<group>"; };
		D201C4E42F34923500187367 /* M3UParser.swift */ = {isa = PBXFileReference; lastKnownFileType = sourcecode.swift; path = M3UParser.swift; sourceTree = "<group>"; };
		D201C4E62F34995C00187367 /* TVVideoPlayer.swift */ = {isa = PBXFileReference; lastKnownFileType = sourcecode.swift; path = TVVideoPlayer.swift; sourceTree = "<group>"; };
		D2102EDA2F51849E0069B492 /* WeatherTask.swift */ = {isa = PBXFileReference; lastKnownFileType = sourcecode.swift; path = WeatherTask.swift; sourceTree = "<group>"; };
		D2102EFB2F5185D90069B492 /* WeatherViewModel.swift */ = {isa = PBXFileReference; lastKnownFileType = sourcecode.swift; path = WeatherViewModel.swift; sourceTree = "<group>"; };
		D2102F1E2F51EB880069B492 /* LocationManager.swift */ = {isa = PBXFileReference; lastKnownFileType = sourcecode.swift; path = LocationManager.swift; sourceTree = "<group>"; };
		D22727DD2F2E4594002C3C24 /* Soundport.app */ = {isa = PBXFileReference; explicitFileType = wrapper.application; includeInIndex = 0; path = Soundport.app; sourceTree = BUILT_PRODUCTS_DIR; };
		D22727EA2F2E4597002C3C24 /* SoundportTests.xctest */ = {isa = PBXFileReference; explicitFileType = wrapper.cfbundle; includeInIndex = 0; path = SoundportTests.xctest; sourceTree = BUILT_PRODUCTS_DIR; };
		D22727F42F2E4597002C3C24 /* SoundportUITests.xctest */ = {isa = PBXFileReference; explicitFileType = wrapper.cfbundle; includeInIndex = 0; path = SoundportUITests.xctest; sourceTree = BUILT_PRODUCTS_DIR; };
		D2CA36432F3D87B600BBD738 /* CountryPickerView.swift */ = {isa = PBXFileReference; lastKnownFileType = sourcecode.swift; path = CountryPickerView.swift; sourceTree = "<group>"; };
		D2CA364C2F3DCD9D00BBD738 /* MarqueeText.swift */ = {isa = PBXFileReference; lastKnownFileType = sourcecode.swift; path = MarqueeText.swift; sourceTree = "<group>"; };
		D2CE729F2F31A88C00F69A99 /* Assets.xcassets */ = {isa = PBXFileReference; lastKnownFileType = folder.assetcatalog; path = Assets.xcassets; sourceTree = "<group>"; };
		D2CE72A02F31A88C00F69A99 /* AudioPlayerManager.swift */ = {isa = PBXFileReference; lastKnownFileType = sourcecode.swift; path = AudioPlayerManager.swift; sourceTree = "<group>"; };
		D2CE72A12F31A88C00F69A99 /* ContentView.swift */ = {isa = PBXFileReference; lastKnownFileType = sourcecode.swift; path = ContentView.swift; sourceTree = "<group>"; };
		D2CE72A22F31A88C00F69A99 /* FavoritesManager.swift */ = {isa = PBXFileReference; lastKnownFileType = sourcecode.swift; path = FavoritesManager.swift; sourceTree = "<group>"; };
		D2CE72A32F31A88C00F69A99 /* HomeViewModel.swift */ = {isa = PBXFileReference; lastKnownFileType = sourcecode.swift; path = HomeViewModel.swift; sourceTree = "<group>"; };
		D2CE72A42F31A88C00F69A99 /* ImageCacheManager.swift */ = {isa = PBXFileReference; lastKnownFileType = sourcecode.swift; path = ImageCacheManager.swift; sourceTree = "<group>"; };
		D2CE72A52F31A88C00F69A99 /* Info.plist */ = {isa = PBXFileReference; lastKnownFileType = text.plist.xml; path = Info.plist; sourceTree = "<group>"; };
		D2CE72A72F31A88C00F69A99 /* RadioService.swift */ = {isa = PBXFileReference; lastKnownFileType = sourcecode.swift; path = RadioService.swift; sourceTree = "<group>"; };
		D2CE72A82F31A88C00F69A99 /* RegionTabItem.swift */ = {isa = PBXFileReference; lastKnownFileType = sourcecode.swift; path = RegionTabItem.swift; sourceTree = "<group>"; };
		D2CE72A92F31A88C00F69A99 /* SoundportApp.swift */ = {isa = PBXFileReference; lastKnownFileType = sourcecode.swift; path = SoundportApp.swift; sourceTree = "<group>"; };
		D2CE72AA2F31A88C00F69A99 /* Station.swift */ = {isa = PBXFileReference; lastKnownFileType = sourcecode.swift; path = Station.swift; sourceTree = "<group>"; };
		D2CE72AB2F31A88C00F69A99 /* StationRow.swift */ = {isa = PBXFileReference; lastKnownFileType = sourcecode.swift; path = StationRow.swift; sourceTree = "<group>"; };
		D2CE72BF2F31C22800F69A99 /* SearchView.swift */ = {isa = PBXFileReference; lastKnownFileType = sourcecode.swift; path = SearchView.swift; sourceTree = "<group>"; };
		D2CE72C72F31D46C00F69A99 /* SleepTimerManager.swift */ = {isa = PBXFileReference; lastKnownFileType = sourcecode.swift; path = SleepTimerManager.swift; sourceTree = "<group>"; };
		D2CE72C92F31D53D00F69A99 /* SleepTimerSheet.swift */ = {isa = PBXFileReference; lastKnownFileType = sourcecode.swift; path = SleepTimerSheet.swift; sourceTree = "<group>"; };
		D2CE72CB2F31D95B00F69A99 /* CarPlaySceneDelegate.swift */ = {isa = PBXFileReference; lastKnownFileType = sourcecode.swift; path = CarPlaySceneDelegate.swift; sourceTree = "<group>"; };
		D2CE72CD2F31E32F00F69A99 /* LiveVisualizer.swift */ = {isa = PBXFileReference; lastKnownFileType = sourcecode.swift; path = LiveVisualizer.swift; sourceTree = "<group>"; };
		D2CE72CF2F31E70D00F69A99 /* CacheManager.swift */ = {isa = PBXFileReference; lastKnownFileType = sourcecode.swift; path = CacheManager.swift; sourceTree = "<group>"; };
		D2CE72D12F31F15D00F69A99 /* LiveProgressView.swift */ = {isa = PBXFileReference; lastKnownFileType = sourcecode.swift; path = LiveProgressView.swift; sourceTree = "<group>"; };
		D2CE72D32F31FA6800F69A99 /* ShazamManager.swift */ = {isa = PBXFileReference; lastKnownFileType = sourcecode.swift; path = ShazamManager.swift; sourceTree = "<group>"; };
		D2DE79EE2F3C768C006B8914 /* RegionMapper.swift */ = {isa = PBXFileReference; lastKnownFileType = sourcecode.swift; path = RegionMapper.swift; sourceTree = "<group>"; };
		D2DE79F02F3C76A1006B8914 /* RadioCategorySerivce.swift */ = {isa = PBXFileReference; lastKnownFileType = sourcecode.swift; path = RadioCategorySerivce.swift; sourceTree = "<group>"; };
		D2DE79F42F3C76FF006B8914 /* RadioHomeView.swift */ = {isa = PBXFileReference; lastKnownFileType = sourcecode.swift; path = RadioHomeView.swift; sourceTree = "<group>"; };
		D2DE79F62F3C7728006B8914 /* RadioViewModel.swift */ = {isa = PBXFileReference; lastKnownFileType = sourcecode.swift; path = RadioViewModel.swift; sourceTree = "<group>"; };
		D2DE79F82F3C7777006B8914 /* ProvincePickerView.swift */ = {isa = PBXFileReference; lastKnownFileType = sourcecode.swift; path = ProvincePickerView.swift; sourceTree = "<group>"; };
		D2DE79FA2F3C7C4F006B8914 /* RadioRequestTask.swift */ = {isa = PBXFileReference; lastKnownFileType = sourcecode.swift; path = RadioRequestTask.swift; sourceTree = "<group>"; };
/* End PBXFileReference section */

/* Begin PBXFileSystemSynchronizedRootGroup section */
		D22727ED2F2E4597002C3C24 /* SoundportTests */ = {
			isa = PBXFileSystemSynchronizedRootGroup;
			path = SoundportTests;
			sourceTree = "<group>";
		};
		D22727F72F2E4597002C3C24 /* SoundportUITests */ = {
			isa = PBXFileSystemSynchronizedRootGroup;
			path = SoundportUITests;
			sourceTree = "<group>";
		};
/* End PBXFileSystemSynchronizedRootGroup section */

/* Begin PBXFrameworksBuildPhase section */
		D22727DA2F2E4594002C3C24 /* Frameworks */ = {
			isa = PBXFrameworksBuildPhase;
			buildActionMask = 2147483647;
			files = (
				D2A06A712F4DA59C00CA1069 /* SDWebImageSwiftUI in Frameworks */,
				D2102EFE2F5186020069B492 /* QWeatherSDK in Frameworks */,
				D2A06A742F4DA7DA00CA1069 /* SDWebImageSVGCoder in Frameworks */,
			);
			runOnlyForDeploymentPostprocessing = 0;
		};
		D22727E72F2E4597002C3C24 /* Frameworks */ = {
			isa = PBXFrameworksBuildPhase;
			buildActionMask = 2147483647;
			files = (
			);
			runOnlyForDeploymentPostprocessing = 0;
		};
		D22727F12F2E4597002C3C24 /* Frameworks */ = {
			isa = PBXFrameworksBuildPhase;
			buildActionMask = 2147483647;
			files = (
			);
			runOnlyForDeploymentPostprocessing = 0;
		};
/* End PBXFrameworksBuildPhase section */

/* Begin PBXGroup section */
		D201C4C12F34468E00187367 /* Siri */ = {
			isa = PBXGroup;
			children = (
				D201C4D02F3468F400187367 /* SiriStation.swift */,
				D201C4BF2F34464600187367 /* PlayFavoritesIntent.swift */,
				D201C4BD2F3445F900187367 /* SoundportShortcuts.swift */,
				D201C4BB2F3445D600187367 /* PlayRadioIntent.swift */,
			);
			path = Siri;
			sourceTree = "<group>";
		};
		D201C4E22F34900D00187367 /* Radio */ = {
			isa = PBXGroup;
			children = (
				D2CE72AB2F31A88C00F69A99 /* StationRow.swift */,
				D2CA36432F3D87B600BBD738 /* CountryPickerView.swift */,
				D2DE79F82F3C7777006B8914 /* ProvincePickerView.swift */,
				D2CE72A82F31A88C00F69A99 /* RegionTabItem.swift */,
				D2CE72BF2F31C22800F69A99 /* SearchView.swift */,
				D2CE72C92F31D53D00F69A99 /* SleepTimerSheet.swift */,
				D2CE72D12F31F15D00F69A99 /* LiveProgressView.swift */,
				D2DE79F42F3C76FF006B8914 /* RadioHomeView.swift */,
				8966916C2F5582A100E53D79 /* WeatherToolbarView.swift */,
				8966916E2F5582A100E53D79 /* RadioEmptyStateView.swift */,
				896691702F5582A100E53D79 /* RadioPaginationFooterView.swift */,
				896691722F5585B100E53D79 /* RadioCategorySidebarView.swift */,
				896691742F5585B100E53D79 /* RadioSearchHeaderView.swift */,
				896691762F5585B100E53D79 /* RadioStationContentView.swift */,
				896691782F558A6700E53D79 /* RadioMiniPlayerView.swift */,
				8966917A2F558C7800E53D79 /* RadioLoadingOverlayView.swift */,
			);
			path = Radio;
			sourceTree = "<group>";
		};
		D201C4E32F34903E00187367 /* TV */ = {
			isa = PBXGroup;
			children = (
				D201C4E62F34995C00187367 /* TVVideoPlayer.swift */,
				D201C4E42F34923500187367 /* M3UParser.swift */,
				D201C4DE2F348DDF00187367 /* TVHomeView.swift */,
			);
			path = TV;
			sourceTree = "<group>";
		};
		D22727D42F2E4594002C3C24 = {
			isa = PBXGroup;
			children = (
				D2CE72AC2F31A88C00F69A99 /* Soundport */,
				D22727ED2F2E4597002C3C24 /* SoundportTests */,
				D22727F72F2E4597002C3C24 /* SoundportUITests */,
				D2A06A6F2F4DA59C00CA1069 /* Frameworks */,
				D22727DE2F2E4594002C3C24 /* Products */,
			);
			sourceTree = "<group>";
		};
		D22727DE2F2E4594002C3C24 /* Products */ = {
			isa = PBXGroup;
			children = (
				D22727DD2F2E4594002C3C24 /* Soundport.app */,
				D22727EA2F2E4597002C3C24 /* SoundportTests.xctest */,
				D22727F42F2E4597002C3C24 /* SoundportUITests.xctest */,
			);
			name = Products;
			sourceTree = "<group>";
		};
		D2A06A6F2F4DA59C00CA1069 /* Frameworks */ = {
			isa = PBXGroup;
			children = (
			);
			name = Frameworks;
			sourceTree = "<group>";
		};
		D2CA364B2F3DCD9700BBD738 /* Tools */ = {
			isa = PBXGroup;
			children = (
				D2CA364C2F3DCD9D00BBD738 /* MarqueeText.swift */,
				D2DE79EE2F3C768C006B8914 /* RegionMapper.swift */,
				D2CE72CD2F31E32F00F69A99 /* LiveVisualizer.swift */,
			);
			path = Tools;
			sourceTree = "<group>";
		};
		D2CE72AC2F31A88C00F69A99 /* Soundport */ = {
			isa = PBXGroup;
			children = (
				D2CA364B2F3DCD9700BBD738 /* Tools */,
				D201C4C12F34468E00187367 /* Siri */,
				D2CE72BE2F31A92F00F69A99 /* Views */,
				D2CE72BD2F31A8DC00F69A99 /* Services */,
				D2CE72BC2F31A8C300F69A99 /* Manager */,
				D2CE72BB2F31A8AE00F69A99 /* ViewModels */,
				D2CE72BA2F31A89C00F69A99 /* Model */,
				D2CE729F2F31A88C00F69A99 /* Assets.xcassets */,
				D2CE72CB2F31D95B00F69A99 /* CarPlaySceneDelegate.swift */,
				D2CE72A52F31A88C00F69A99 /* Info.plist */,
			);
			path = Soundport;
			sourceTree = "<group>";
		};
		D2CE72BA2F31A89C00F69A99 /* Model */ = {
			isa = PBXGroup;
			children = (
				D201C4D82F348A2500187367 /* TVChannel.swift */,
				D2CE72AA2F31A88C00F69A99 /* Station.swift */,
			);
			path = Model;
			sourceTree = "<group>";
		};
		D2CE72BB2F31A8AE00F69A99 /* ViewModels */ = {
			isa = PBXGroup;
			children = (
				D2102EFB2F5185D90069B492 /* WeatherViewModel.swift */,
				D201C4E02F348F5100187367 /* TVViewModel.swift */,
				D2CE72A32F31A88C00F69A99 /* HomeViewModel.swift */,
				D2DE79F62F3C7728006B8914 /* RadioViewModel.swift */,
			);
			path = ViewModels;
			sourceTree = "<group>";
		};
		D2CE72BC2F31A8C300F69A99 /* Manager */ = {
			isa = PBXGroup;
			children = (
				D2102F1E2F51EB880069B492 /* LocationManager.swift */,
				D2CE72D32F31FA6800F69A99 /* ShazamManager.swift */,
				D2CE72CF2F31E70D00F69A99 /* CacheManager.swift */,
				D2CE72C72F31D46C00F69A99 /* SleepTimerManager.swift */,
				D2CE72A42F31A88C00F69A99 /* ImageCacheManager.swift */,
				D2CE72A22F31A88C00F69A99 /* FavoritesManager.swift */,
				D2CE72A02F31A88C00F69A99 /* AudioPlayerManager.swift */,
			);
			path = Manager;
			sourceTree = "<group>";
		};
		D2CE72BD2F31A8DC00F69A99 /* Services */ = {
			isa = PBXGroup;
			children = (
				D2102EDA2F51849E0069B492 /* WeatherTask.swift */,
				D2DE79FA2F3C7C4F006B8914 /* RadioRequestTask.swift */,
				D2CE72A72F31A88C00F69A99 /* RadioService.swift */,
				D2DE79F02F3C76A1006B8914 /* RadioCategorySerivce.swift */,
			);
			path = Services;
			sourceTree = "<group>";
		};
		D2CE72BE2F31A92F00F69A99 /* Views */ = {
			isa = PBXGroup;
			children = (
				D201C4E32F34903E00187367 /* TV */,
				D201C4E22F34900D00187367 /* Radio */,
				D2CE72A92F31A88C00F69A99 /* SoundportApp.swift */,
				D201C4DC2F348A9700187367 /* MainTabView.swift */,
				D2CE72A12F31A88C00F69A99 /* ContentView.swift */,
			);
			path = Views;
			sourceTree = "<group>";
		};
/* End PBXGroup section */

/* Begin PBXNativeTarget section */
		D22727DC2F2E4594002C3C24 /* Soundport */ = {
			isa = PBXNativeTarget;
			buildConfigurationList = D22727FE2F2E4597002C3C24 /* Build configuration list for PBXNativeTarget "Soundport" */;
			buildPhases = (
				D22727D92F2E4594002C3C24 /* Sources */,
				D22727DA2F2E4594002C3C24 /* Frameworks */,
				D22727DB2F2E4594002C3C24 /* Resources */,
			);
			buildRules = (
			);
			dependencies = (
			);
			name = Soundport;
			packageProductDependencies = (
				D2A06A702F4DA59C00CA1069 /* SDWebImageSwiftUI */,
				D2A06A732F4DA7DA00CA1069 /* SDWebImageSVGCoder */,
				D2102EFD2F5186020069B492 /* QWeatherSDK */,
			);
			productName = Soundport;
			productReference = D22727DD2F2E4594002C3C24 /* Soundport.app */;
			productType = "com.apple.product-type.application";
		};
		D22727E92F2E4597002C3C24 /* SoundportTests */ = {
			isa = PBXNativeTarget;
			buildConfigurationList = D22728012F2E4597002C3C24 /* Build configuration list for PBXNativeTarget "SoundportTests" */;
			buildPhases = (
				D22727E62F2E4597002C3C24 /* Sources */,
				D22727E72F2E4597002C3C24 /* Frameworks */,
				D22727E82F2E4597002C3C24 /* Resources */,
			);
			buildRules = (
			);
			dependencies = (
				D22727EC2F2E4597002C3C24 /* PBXTargetDependency */,
			);
			fileSystemSynchronizedGroups = (
				D22727ED2F2E4597002C3C24 /* SoundportTests */,
			);
			name = SoundportTests;
			packageProductDependencies = (
			);
			productName = SoundportTests;
			productReference = D22727EA2F2E4597002C3C24 /* SoundportTests.xctest */;
			productType = "com.apple.product-type.bundle.unit-test";
		};
		D22727F32F2E4597002C3C24 /* SoundportUITests */ = {
			isa = PBXNativeTarget;
			buildConfigurationList = D22728042F2E4597002C3C24 /* Build configuration list for PBXNativeTarget "SoundportUITests" */;
			buildPhases = (
				D22727F02F2E4597002C3C24 /* Sources */,
				D22727F12F2E4597002C3C24 /* Frameworks */,
				D22727F22F2E4597002C3C24 /* Resources */,
			);
			buildRules = (
			);
			dependencies = (
				D22727F62F2E4597002C3C24 /* PBXTargetDependency */,
			);
			fileSystemSynchronizedGroups = (
				D22727F72F2E4597002C3C24 /* SoundportUITests */,
			);
			name = SoundportUITests;
			packageProductDependencies = (
			);
			productName = SoundportUITests;
			productReference = D22727F42F2E4597002C3C24 /* SoundportUITests.xctest */;
			productType = "com.apple.product-type.bundle.ui-testing";
		};
/* End PBXNativeTarget section */

/* Begin PBXProject section */
		D22727D52F2E4594002C3C24 /* Project object */ = {
			isa = PBXProject;
			attributes = {
				BuildIndependentTargetsInParallel = 1;
				LastSwiftUpdateCheck = 2620;
				LastUpgradeCheck = 2620;
				TargetAttributes = {
					D22727DC2F2E4594002C3C24 = {
						CreatedOnToolsVersion = 26.2;
					};
					D22727E92F2E4597002C3C24 = {
						CreatedOnToolsVersion = 26.2;
						TestTargetID = D22727DC2F2E4594002C3C24;
					};
					D22727F32F2E4597002C3C24 = {
						CreatedOnToolsVersion = 26.2;
						TestTargetID = D22727DC2F2E4594002C3C24;
					};
				};
			};
			buildConfigurationList = D22727D82F2E4594002C3C24 /* Build configuration list for PBXProject "Soundport" */;
			developmentRegion = en;
			hasScannedForEncodings = 0;
			knownRegions = (
				en,
				Base,
			);
			mainGroup = D22727D42F2E4594002C3C24;
			minimizedProjectReferenceProxies = 1;
			packageReferences = (
				D2A06A682F4DA51400CA1069 /* XCRemoteSwiftPackageReference "SDWebImageSwiftUI" */,
				D2A06A722F4DA7D200CA1069 /* XCRemoteSwiftPackageReference "SDWebImageSVGCoder" */,
				D2102ED92F517DA10069B492 /* XCRemoteSwiftPackageReference "qweather-ios-sdk" */,
			);
			preferredProjectObjectVersion = 77;
			productRefGroup = D22727DE2F2E4594002C3C24 /* Products */;
			projectDirPath = "";
			projectRoot = "";
			targets = (
				D22727DC2F2E4594002C3C24 /* Soundport */,
				D22727E92F2E4597002C3C24 /* SoundportTests */,
				D22727F32F2E4597002C3C24 /* SoundportUITests */,
			);
		};
/* End PBXProject section */

/* Begin PBXResourcesBuildPhase section */
		D22727DB2F2E4594002C3C24 /* Resources */ = {
			isa = PBXResourcesBuildPhase;
			buildActionMask = 2147483647;
			files = (
				D2CE72B82F31A88C00F69A99 /* Assets.xcassets in Resources */,
			);
			runOnlyForDeploymentPostprocessing = 0;
		};
		D22727E82F2E4597002C3C24 /* Resources */ = {
			isa = PBXResourcesBuildPhase;
			buildActionMask = 2147483647;
			files = (
			);
			runOnlyForDeploymentPostprocessing = 0;
		};
		D22727F22F2E4597002C3C24 /* Resources */ = {
			isa = PBXResourcesBuildPhase;
			buildActionMask = 2147483647;
			files = (
			);
			runOnlyForDeploymentPostprocessing = 0;
		};
/* End PBXResourcesBuildPhase section */

/* Begin PBXSourcesBuildPhase section */
		D22727D92F2E4594002C3C24 /* Sources */ = {
			isa = PBXSourcesBuildPhase;
			buildActionMask = 2147483647;
			files = (
				D201C4E52F34923800187367 /* M3UParser.swift in Sources */,
				D2102EFC2F5185DB0069B492 /* WeatherViewModel.swift in Sources */,
				D2DE79F52F3C76FF006B8914 /* RadioHomeView.swift in Sources */,
				D2CE72AD2F31A88C00F69A99 /* AudioPlayerManager.swift in Sources */,
				D2CE72AE2F31A88C00F69A99 /* ContentView.swift in Sources */,
				D2CE72AF2F31A88C00F69A99 /* FavoritesManager.swift in Sources */,
				8966917B2F558C7800E53D79 /* RadioLoadingOverlayView.swift in Sources */,
				D2CA364D2F3DCD9E00BBD738 /* MarqueeText.swift in Sources */,
				D2CE72D02F31E70F00F69A99 /* CacheManager.swift in Sources */,
				D2DE79F92F3C7777006B8914 /* ProvincePickerView.swift in Sources */,
				D2CE72B02F31A88C00F69A99 /* HomeViewModel.swift in Sources */,
				D2102EDB2F5184B60069B492 /* WeatherTask.swift in Sources */,
				D201C4D12F3468FD00187367 /* SiriStation.swift in Sources */,
				D2102F1F2F51EB8A0069B492 /* LocationManager.swift in Sources */,
				D2CE72CC2F31D95F00F69A99 /* CarPlaySceneDelegate.swift in Sources */,
				D201C4DD2F348A9900187367 /* MainTabView.swift in Sources */,
				D2CE72C02F31C22C00F69A99 /* SearchView.swift in Sources */,
				D201C4BC2F3445D900187367 /* PlayRadioIntent.swift in Sources */,
				D2CE72B12F31A88C00F69A99 /* ImageCacheManager.swift in Sources */,
				D2CE72C82F31D46E00F69A99 /* SleepTimerManager.swift in Sources */,
				D2CE72D22F31F16600F69A99 /* LiveProgressView.swift in Sources */,
				896691752F5585B100E53D79 /* RadioSearchHeaderView.swift in Sources */,
				8966916F2F5582A100E53D79 /* RadioEmptyStateView.swift in Sources */,
				D201C4C02F34464800187367 /* PlayFavoritesIntent.swift in Sources */,
				D201C4E72F34995E00187367 /* TVVideoPlayer.swift in Sources */,
				896691792F558A6700E53D79 /* RadioMiniPlayerView.swift in Sources */,
				D2CE72D42F31FA6A00F69A99 /* ShazamManager.swift in Sources */,
				896691712F5582A100E53D79 /* RadioPaginationFooterView.swift in Sources */,
				D2DE79FB2F3C7C54006B8914 /* RadioRequestTask.swift in Sources */,
				896691732F5585B100E53D79 /* RadioCategorySidebarView.swift in Sources */,
				896691772F5585B100E53D79 /* RadioStationContentView.swift in Sources */,
				D2CE72B32F31A88C00F69A99 /* RadioService.swift in Sources */,
				D201C4DF2F348DE100187367 /* TVHomeView.swift in Sources */,
				8966916D2F5582A100E53D79 /* WeatherToolbarView.swift in Sources */,
				D2DE79F72F3C7728006B8914 /* RadioViewModel.swift in Sources */,
				D2DE79F12F3C76A1006B8914 /* RadioCategorySerivce.swift in Sources */,
				D2CE72CA2F31D54200F69A99 /* SleepTimerSheet.swift in Sources */,
				D201C4BE2F3445FC00187367 /* SoundportShortcuts.swift in Sources */,
				D2CE72B42F31A88C00F69A99 /* RegionTabItem.swift in Sources */,
				D2CE72B52F31A88C00F69A99 /* SoundportApp.swift in Sources */,
				D2DE79EF2F3C768C006B8914 /* RegionMapper.swift in Sources */,
				D2CE72CE2F31E33100F69A99 /* LiveVisualizer.swift in Sources */,
				D201C4D92F348A2800187367 /* TVChannel.swift in Sources */,
				D201C4E12F348F5400187367 /* TVViewModel.swift in Sources */,
				D2CE72B62F31A88C00F69A99 /* Station.swift in Sources */,
				D2CE72B72F31A88C00F69A99 /* StationRow.swift in Sources */,
				D2CA36442F3D87C500BBD738 /* CountryPickerView.swift in Sources */,
			);
			runOnlyForDeploymentPostprocessing = 0;
		};
		D22727E62F2E4597002C3C24 /* Sources */ = {
			isa = PBXSourcesBuildPhase;
			buildActionMask = 2147483647;
			files = (
			);
			runOnlyForDeploymentPostprocessing = 0;
		};
		D22727F02F2E4597002C3C24 /* Sources */ = {
			isa = PBXSourcesBuildPhase;
			buildActionMask = 2147483647;
			files = (
			);
			runOnlyForDeploymentPostprocessing = 0;
		};
/* End PBXSourcesBuildPhase section */

/* Begin PBXTargetDependency section */
		D22727EC2F2E4597002C3C24 /* PBXTargetDependency */ = {
			isa = PBXTargetDependency;
			target = D22727DC2F2E4594002C3C24 /* Soundport */;
			targetProxy = D22727EB2F2E4597002C3C24 /* PBXContainerItemProxy */;
		};
		D22727F62F2E4597002C3C24 /* PBXTargetDependency */ = {
			isa = PBXTargetDependency;
			target = D22727DC2F2E4594002C3C24 /* Soundport */;
			targetProxy = D22727F52F2E4597002C3C24 /* PBXContainerItemProxy */;
		};
/* End PBXTargetDependency section */

/* Begin XCBuildConfiguration section */
		D22727FC2F2E4597002C3C24 /* Debug */ = {
			isa = XCBuildConfiguration;
			buildSettings = {
				ALWAYS_SEARCH_USER_PATHS = NO;
				ASSETCATALOG_COMPILER_GENERATE_SWIFT_ASSET_SYMBOL_EXTENSIONS = YES;
				CLANG_ANALYZER_NONNULL = YES;
				CLANG_ANALYZER_NUMBER_OBJECT_CONVERSION = YES_AGGRESSIVE;
				CLANG_CXX_LANGUAGE_STANDARD = "gnu++20";
				CLANG_ENABLE_MODULES = YES;
				CLANG_ENABLE_OBJC_ARC = YES;
				CLANG_ENABLE_OBJC_WEAK = YES;
				CLANG_WARN_BLOCK_CAPTURE_AUTORELEASING = YES;
				CLANG_WARN_BOOL_CONVERSION = YES;
				CLANG_WARN_COMMA = YES;
				CLANG_WARN_CONSTANT_CONVERSION = YES;
				CLANG_WARN_DEPRECATED_OBJC_IMPLEMENTATIONS = YES;
				CLANG_WARN_DIRECT_OBJC_ISA_USAGE = YES_ERROR;
				CLANG_WARN_DOCUMENTATION_COMMENTS = YES;
				CLANG_WARN_EMPTY_BODY = YES;
				CLANG_WARN_ENUM_CONVERSION = YES;
				CLANG_WARN_INFINITE_RECURSION = YES;
				CLANG_WARN_INT_CONVERSION = YES;
				CLANG_WARN_NON_LITERAL_NULL_CONVERSION = YES;
				CLANG_WARN_OBJC_IMPLICIT_RETAIN_SELF = YES;
				CLANG_WARN_OBJC_LITERAL_CONVERSION = YES;
				CLANG_WARN_OBJC_ROOT_CLASS = YES_ERROR;
				CLANG_WARN_QUOTED_INCLUDE_IN_FRAMEWORK_HEADER = YES;
				CLANG_WARN_RANGE_LOOP_ANALYSIS = YES;
				CLANG_WARN_STRICT_PROTOTYPES = YES;
				CLANG_WARN_SUSPICIOUS_MOVE = YES;
				CLANG_WARN_UNGUARDED_AVAILABILITY = YES_AGGRESSIVE;
				CLANG_WARN_UNREACHABLE_CODE = YES;
				CLANG_WARN__DUPLICATE_METHOD_MATCH = YES;
				COPY_PHASE_STRIP = NO;
				DEBUG_INFORMATION_FORMAT = dwarf;
				DEVELOPMENT_TEAM = R8L59FSWE4;
				ENABLE_STRICT_OBJC_MSGSEND = YES;
				ENABLE_TESTABILITY = YES;
				ENABLE_USER_SCRIPT_SANDBOXING = YES;
				GCC_C_LANGUAGE_STANDARD = gnu17;
				GCC_DYNAMIC_NO_PIC = NO;
				GCC_NO_COMMON_BLOCKS = YES;
				GCC_OPTIMIZATION_LEVEL = 0;
				GCC_PREPROCESSOR_DEFINITIONS = (
					"DEBUG=1",
					"$(inherited)",
				);
				GCC_WARN_64_TO_32_BIT_CONVERSION = YES;
				GCC_WARN_ABOUT_RETURN_TYPE = YES_ERROR;
				GCC_WARN_UNDECLARED_SELECTOR = YES;
				GCC_WARN_UNINITIALIZED_AUTOS = YES_AGGRESSIVE;
				GCC_WARN_UNUSED_FUNCTION = YES;
				GCC_WARN_UNUSED_VARIABLE = YES;
				IPHONEOS_DEPLOYMENT_TARGET = 26.2;
				LOCALIZATION_PREFERS_STRING_CATALOGS = YES;
				MTL_ENABLE_DEBUG_INFO = INCLUDE_SOURCE;
				MTL_FAST_MATH = YES;
				ONLY_ACTIVE_ARCH = YES;
				SDKROOT = iphoneos;
				SWIFT_ACTIVE_COMPILATION_CONDITIONS = "DEBUG $(inherited)";
				SWIFT_OPTIMIZATION_LEVEL = "-Onone";
			};
			name = Debug;
		};
		D22727FD2F2E4597002C3C24 /* Release */ = {
			isa = XCBuildConfiguration;
			buildSettings = {
				ALWAYS_SEARCH_USER_PATHS = NO;
				ASSETCATALOG_COMPILER_GENERATE_SWIFT_ASSET_SYMBOL_EXTENSIONS = YES;
				CLANG_ANALYZER_NONNULL = YES;
				CLANG_ANALYZER_NUMBER_OBJECT_CONVERSION = YES_AGGRESSIVE;
				CLANG_CXX_LANGUAGE_STANDARD = "gnu++20";
				CLANG_ENABLE_MODULES = YES;
				CLANG_ENABLE_OBJC_ARC = YES;
				CLANG_ENABLE_OBJC_WEAK = YES;
				CLANG_WARN_BLOCK_CAPTURE_AUTORELEASING = YES;
				CLANG_WARN_BOOL_CONVERSION = YES;
				CLANG_WARN_COMMA = YES;
				CLANG_WARN_CONSTANT_CONVERSION = YES;
				CLANG_WARN_DEPRECATED_OBJC_IMPLEMENTATIONS = YES;
				CLANG_WARN_DIRECT_OBJC_ISA_USAGE = YES_ERROR;
				CLANG_WARN_DOCUMENTATION_COMMENTS = YES;
				CLANG_WARN_EMPTY_BODY = YES;
				CLANG_WARN_ENUM_CONVERSION = YES;
				CLANG_WARN_INFINITE_RECURSION = YES;
				CLANG_WARN_INT_CONVERSION = YES;
				CLANG_WARN_NON_LITERAL_NULL_CONVERSION = YES;
				CLANG_WARN_OBJC_IMPLICIT_RETAIN_SELF = YES;
				CLANG_WARN_OBJC_LITERAL_CONVERSION = YES;
				CLANG_WARN_OBJC_ROOT_CLASS = YES_ERROR;
				CLANG_WARN_QUOTED_INCLUDE_IN_FRAMEWORK_HEADER = YES;
				CLANG_WARN_RANGE_LOOP_ANALYSIS = YES;
				CLANG_WARN_STRICT_PROTOTYPES = YES;
				CLANG_WARN_SUSPICIOUS_MOVE = YES;
				CLANG_WARN_UNGUARDED_AVAILABILITY = YES_AGGRESSIVE;
				CLANG_WARN_UNREACHABLE_CODE = YES;
				CLANG_WARN__DUPLICATE_METHOD_MATCH = YES;
				COPY_PHASE_STRIP = NO;
				DEBUG_INFORMATION_FORMAT = "dwarf-with-dsym";
				DEVELOPMENT_TEAM = R8L59FSWE4;
				ENABLE_NS_ASSERTIONS = NO;
				ENABLE_STRICT_OBJC_MSGSEND = YES;
				ENABLE_USER_SCRIPT_SANDBOXING = YES;
				GCC_C_LANGUAGE_STANDARD = gnu17;
				GCC_NO_COMMON_BLOCKS = YES;
				GCC_WARN_64_TO_32_BIT_CONVERSION = YES;
				GCC_WARN_ABOUT_RETURN_TYPE = YES_ERROR;
				GCC_WARN_UNDECLARED_SELECTOR = YES;
				GCC_WARN_UNINITIALIZED_AUTOS = YES_AGGRESSIVE;
				GCC_WARN_UNUSED_FUNCTION = YES;
				GCC_WARN_UNUSED_VARIABLE = YES;
				IPHONEOS_DEPLOYMENT_TARGET = 26.2;
				LOCALIZATION_PREFERS_STRING_CATALOGS = YES;
				MTL_ENABLE_DEBUG_INFO = NO;
				MTL_FAST_MATH = YES;
				SDKROOT = iphoneos;
				SWIFT_COMPILATION_MODE = wholemodule;
				VALIDATE_PRODUCT = YES;
			};
			name = Release;
		};
		D22727FF2F2E4597002C3C24 /* Debug */ = {
			isa = XCBuildConfiguration;
			buildSettings = {
				ALWAYS_EMBED_SWIFT_STANDARD_LIBRARIES = YES;
				ASSETCATALOG_COMPILER_APPICON_NAME = AppIcon;
				ASSETCATALOG_COMPILER_GLOBAL_ACCENT_COLOR_NAME = AccentColor;
				CODE_SIGN_ENTITLEMENTS = Soundport/Soundport.entitlements;
				CODE_SIGN_IDENTITY = "Apple Development";
				CODE_SIGN_STYLE = Automatic;
				CURRENT_PROJECT_VERSION = 1;
				DEVELOPMENT_TEAM = 2CH9RQLB6Z;
				ENABLE_PREVIEWS = YES;
				GENERATE_INFOPLIST_FILE = YES;
				INFOPLIST_FILE = Soundport/Info.plist;
				INFOPLIST_KEY_CFBundleDisplayName = "声泊";
				INFOPLIST_KEY_NSLocationWhenInUseUsageDescription = "需要用您的位置获取当前天气";
				INFOPLIST_KEY_NSMicrophoneUsageDescription = "我们需要访问麦克风以识别电台中正在播放的歌曲信息";
				INFOPLIST_KEY_NSSiriUsageDescription = "允许 Siri 语音控制播放电台。";
				INFOPLIST_KEY_UIApplicationSupportsIndirectInputEvents = YES;
				INFOPLIST_KEY_UILaunchScreen_Generation = YES;
				INFOPLIST_KEY_UISupportedInterfaceOrientations_iPad = "UIInterfaceOrientationPortrait UIInterfaceOrientationPortraitUpsideDown UIInterfaceOrientationLandscapeLeft UIInterfaceOrientationLandscapeRight";
				INFOPLIST_KEY_UISupportedInterfaceOrientations_iPhone = "UIInterfaceOrientationPortrait UIInterfaceOrientationLandscapeLeft UIInterfaceOrientationLandscapeRight";
				IPHONEOS_DEPLOYMENT_TARGET = 17.6;
				LD_RUNPATH_SEARCH_PATHS = (
					"$(inherited)",
					"@executable_path/Frameworks",
				);
				LIBRARY_SEARCH_PATHS = "\"$(inherited) $(TOOLCHAIN_DIR)/usr/lib/swift/$(PLATFORM_NAME)\"";
				MARKETING_VERSION = 1.0;
				PRODUCT_BUNDLE_IDENTIFIER = com.ui.Soundport;
				PRODUCT_NAME = "$(TARGET_NAME)";
				PROVISIONING_PROFILE_SPECIFIER = "";
				STRING_CATALOG_GENERATE_SYMBOLS = YES;
				SWIFT_APPROACHABLE_CONCURRENCY = YES;
				SWIFT_DEFAULT_ACTOR_ISOLATION = MainActor;
				SWIFT_EMIT_LOC_STRINGS = YES;
				SWIFT_UPCOMING_FEATURE_MEMBER_IMPORT_VISIBILITY = YES;
				SWIFT_VERSION = 5.0;
				TARGETED_DEVICE_FAMILY = "1,2";
			};
			name = Debug;
		};
		D22728002F2E4597002C3C24 /* Release */ = {
			isa = XCBuildConfiguration;
			buildSettings = {
				ALWAYS_EMBED_SWIFT_STANDARD_LIBRARIES = YES;
				ASSETCATALOG_COMPILER_APPICON_NAME = AppIcon;
				ASSETCATALOG_COMPILER_GLOBAL_ACCENT_COLOR_NAME = AccentColor;
				CODE_SIGN_ENTITLEMENTS = Soundport/Soundport.entitlements;
				CODE_SIGN_IDENTITY = "Apple Development";
				CODE_SIGN_STYLE = Automatic;
				CURRENT_PROJECT_VERSION = 1;
				DEVELOPMENT_TEAM = 2CH9RQLB6Z;
				ENABLE_PREVIEWS = YES;
				GENERATE_INFOPLIST_FILE = YES;
				INFOPLIST_FILE = Soundport/Info.plist;
				INFOPLIST_KEY_CFBundleDisplayName = "声泊";
				INFOPLIST_KEY_NSLocationWhenInUseUsageDescription = "需要用您的位置获取当前天气";
				INFOPLIST_KEY_NSMicrophoneUsageDescription = "我们需要访问麦克风以识别电台中正在播放的歌曲信息";
				INFOPLIST_KEY_NSSiriUsageDescription = "允许 Siri 语音控制播放电台。";
				INFOPLIST_KEY_UIApplicationSupportsIndirectInputEvents = YES;
				INFOPLIST_KEY_UILaunchScreen_Generation = YES;
				INFOPLIST_KEY_UISupportedInterfaceOrientations_iPad = "UIInterfaceOrientationPortrait UIInterfaceOrientationPortraitUpsideDown UIInterfaceOrientationLandscapeLeft UIInterfaceOrientationLandscapeRight";
				INFOPLIST_KEY_UISupportedInterfaceOrientations_iPhone = "UIInterfaceOrientationPortrait UIInterfaceOrientationLandscapeLeft UIInterfaceOrientationLandscapeRight";
				IPHONEOS_DEPLOYMENT_TARGET = 17.6;
				LD_RUNPATH_SEARCH_PATHS = (
					"$(inherited)",
					"@executable_path/Frameworks",
				);
				LIBRARY_SEARCH_PATHS = "\"$(inherited) $(TOOLCHAIN_DIR)/usr/lib/swift/$(PLATFORM_NAME)\"";
				MARKETING_VERSION = 1.0;
				PRODUCT_BUNDLE_IDENTIFIER = com.ui.Soundport;
				PRODUCT_NAME = "$(TARGET_NAME)";
				PROVISIONING_PROFILE_SPECIFIER = "";
				STRING_CATALOG_GENERATE_SYMBOLS = YES;
				SWIFT_APPROACHABLE_CONCURRENCY = YES;
				SWIFT_DEFAULT_ACTOR_ISOLATION = MainActor;
				SWIFT_EMIT_LOC_STRINGS = YES;
				SWIFT_UPCOMING_FEATURE_MEMBER_IMPORT_VISIBILITY = YES;
				SWIFT_VERSION = 5.0;
				TARGETED_DEVICE_FAMILY = "1,2";
			};
			name = Release;
		};
		D22728022F2E4597002C3C24 /* Debug */ = {
			isa = XCBuildConfiguration;
			buildSettings = {
				BUNDLE_LOADER = "$(TEST_HOST)";
				CODE_SIGN_STYLE = Automatic;
				CURRENT_PROJECT_VERSION = 1;
				DEVELOPMENT_TEAM = R8L59FSWE4;
				GENERATE_INFOPLIST_FILE = YES;
				IPHONEOS_DEPLOYMENT_TARGET = 26.2;
				MARKETING_VERSION = 1.0;
				PRODUCT_BUNDLE_IDENTIFIER = com.lnt.ui.SoundportTests;
				PRODUCT_NAME = "$(TARGET_NAME)";
				STRING_CATALOG_GENERATE_SYMBOLS = NO;
				SWIFT_APPROACHABLE_CONCURRENCY = YES;
				SWIFT_EMIT_LOC_STRINGS = NO;
				SWIFT_UPCOMING_FEATURE_MEMBER_IMPORT_VISIBILITY = YES;
				SWIFT_VERSION = 5.0;
				TARGETED_DEVICE_FAMILY = "1,2";
				TEST_HOST = "$(BUILT_PRODUCTS_DIR)/Soundport.app/$(BUNDLE_EXECUTABLE_FOLDER_PATH)/Soundport";
			};
			name = Debug;
		};
		D22728032F2E4597002C3C24 /* Release */ = {
			isa = XCBuildConfiguration;
			buildSettings = {
				BUNDLE_LOADER = "$(TEST_HOST)";
				CODE_SIGN_STYLE = Automatic;
				CURRENT_PROJECT_VERSION = 1;
				DEVELOPMENT_TEAM = R8L59FSWE4;
				GENERATE_INFOPLIST_FILE = YES;
				IPHONEOS_DEPLOYMENT_TARGET = 26.2;
				MARKETING_VERSION = 1.0;
				PRODUCT_BUNDLE_IDENTIFIER = com.lnt.ui.SoundportTests;
				PRODUCT_NAME = "$(TARGET_NAME)";
				STRING_CATALOG_GENERATE_SYMBOLS = NO;
				SWIFT_APPROACHABLE_CONCURRENCY = YES;
				SWIFT_EMIT_LOC_STRINGS = NO;
				SWIFT_UPCOMING_FEATURE_MEMBER_IMPORT_VISIBILITY = YES;
				SWIFT_VERSION = 5.0;
				TARGETED_DEVICE_FAMILY = "1,2";
				TEST_HOST = "$(BUILT_PRODUCTS_DIR)/Soundport.app/$(BUNDLE_EXECUTABLE_FOLDER_PATH)/Soundport";
			};
			name = Release;
		};
		D22728052F2E4597002C3C24 /* Debug */ = {
			isa = XCBuildConfiguration;
			buildSettings = {
				CODE_SIGN_STYLE = Automatic;
				CURRENT_PROJECT_VERSION = 1;
				DEVELOPMENT_TEAM = R8L59FSWE4;
				GENERATE_INFOPLIST_FILE = YES;
				MARKETING_VERSION = 1.0;
				PRODUCT_BUNDLE_IDENTIFIER = com.lnt.ui.SoundportUITests;
				PRODUCT_NAME = "$(TARGET_NAME)";
				STRING_CATALOG_GENERATE_SYMBOLS = NO;
				SWIFT_APPROACHABLE_CONCURRENCY = YES;
				SWIFT_EMIT_LOC_STRINGS = NO;
				SWIFT_UPCOMING_FEATURE_MEMBER_IMPORT_VISIBILITY = YES;
				SWIFT_VERSION = 5.0;
				TARGETED_DEVICE_FAMILY = "1,2";
				TEST_TARGET_NAME = Soundport;
			};
			name = Debug;
		};
		D22728062F2E4597002C3C24 /* Release */ = {
			isa = XCBuildConfiguration;
			buildSettings = {
				CODE_SIGN_STYLE = Automatic;
				CURRENT_PROJECT_VERSION = 1;
				DEVELOPMENT_TEAM = R8L59FSWE4;
				GENERATE_INFOPLIST_FILE = YES;
				MARKETING_VERSION = 1.0;
				PRODUCT_BUNDLE_IDENTIFIER = com.lnt.ui.SoundportUITests;
				PRODUCT_NAME = "$(TARGET_NAME)";
				STRING_CATALOG_GENERATE_SYMBOLS = NO;
				SWIFT_APPROACHABLE_CONCURRENCY = YES;
				SWIFT_EMIT_LOC_STRINGS = NO;
				SWIFT_UPCOMING_FEATURE_MEMBER_IMPORT_VISIBILITY = YES;
				SWIFT_VERSION = 5.0;
				TARGETED_DEVICE_FAMILY = "1,2";
				TEST_TARGET_NAME = Soundport;
			};
			name = Release;
		};
/* End XCBuildConfiguration section */

/* Begin XCConfigurationList section */
		D22727D82F2E4594002C3C24 /* Build configuration list for PBXProject "Soundport" */ = {
			isa = XCConfigurationList;
			buildConfigurations = (
				D22727FC2F2E4597002C3C24 /* Debug */,
				D22727FD2F2E4597002C3C24 /* Release */,
			);
			defaultConfigurationIsVisible = 0;
			defaultConfigurationName = Release;
		};
		D22727FE2F2E4597002C3C24 /* Build configuration list for PBXNativeTarget "Soundport" */ = {
			isa = XCConfigurationList;
			buildConfigurations = (
				D22727FF2F2E4597002C3C24 /* Debug */,
				D22728002F2E4597002C3C24 /* Release */,
			);
			defaultConfigurationIsVisible = 0;
			defaultConfigurationName = Release;
		};
		D22728012F2E4597002C3C24 /* Build configuration list for PBXNativeTarget "SoundportTests" */ = {
			isa = XCConfigurationList;
			buildConfigurations = (
				D22728022F2E4597002C3C24 /* Debug */,
				D22728032F2E4597002C3C24 /* Release */,
			);
			defaultConfigurationIsVisible = 0;
			defaultConfigurationName = Release;
		};
		D22728042F2E4597002C3C24 /* Build configuration list for PBXNativeTarget "SoundportUITests" */ = {
			isa = XCConfigurationList;
			buildConfigurations = (
				D22728052F2E4597002C3C24 /* Debug */,
				D22728062F2E4597002C3C24 /* Release */,
			);
			defaultConfigurationIsVisible = 0;
			defaultConfigurationName = Release;
		};
/* End XCConfigurationList section */

/* Begin XCRemoteSwiftPackageReference section */
		D2102ED92F517DA10069B492 /* XCRemoteSwiftPackageReference "qweather-ios-sdk" */ = {
			isa = XCRemoteSwiftPackageReference;
			repositoryURL = "https://github.com/qwd/qweather-ios-sdk";
			requirement = {
				kind = upToNextMajorVersion;
				minimumVersion = 5.2.2;
			};
		};
		D2A06A682F4DA51400CA1069 /* XCRemoteSwiftPackageReference "SDWebImageSwiftUI" */ = {
			isa = XCRemoteSwiftPackageReference;
			repositoryURL = "https://github.com/SDWebImage/SDWebImageSwiftUI.git";
			requirement = {
				kind = upToNextMajorVersion;
				minimumVersion = 3.1.4;
			};
		};
		D2A06A722F4DA7D200CA1069 /* XCRemoteSwiftPackageReference "SDWebImageSVGCoder" */ = {
			isa = XCRemoteSwiftPackageReference;
			repositoryURL = "https://github.com/SDWebImage/SDWebImageSVGCoder.git";
			requirement = {
				kind = upToNextMajorVersion;
				minimumVersion = 1.8.0;
			};
		};
/* End XCRemoteSwiftPackageReference section */

/* Begin XCSwiftPackageProductDependency section */
		D2102EFD2F5186020069B492 /* QWeatherSDK */ = {
			isa = XCSwiftPackageProductDependency;
			package = D2102ED92F517DA10069B492 /* XCRemoteSwiftPackageReference "qweather-ios-sdk" */;
			productName = QWeatherSDK;
		};
		D2A06A702F4DA59C00CA1069 /* SDWebImageSwiftUI */ = {
			isa = XCSwiftPackageProductDependency;
			package = D2A06A682F4DA51400CA1069 /* XCRemoteSwiftPackageReference "SDWebImageSwiftUI" */;
			productName = SDWebImageSwiftUI;
		};
		D2A06A732F4DA7DA00CA1069 /* SDWebImageSVGCoder */ = {
			isa = XCSwiftPackageProductDependency;
			package = D2A06A722F4DA7D200CA1069 /* XCRemoteSwiftPackageReference "SDWebImageSVGCoder" */;
			productName = SDWebImageSVGCoder;
		};
/* End XCSwiftPackageProductDependency section */
	};
	rootObject = D22727D52F2E4594002C3C24 /* Project object */;
}
